
Microsoft Visual Studio Solution File, Format Version 12.00
# Visual Studio 2013
VisualStudioVersion = 12.0.31101.0
MinimumVisualStudioVersion = 10.0.40219.1
Project("{8BC9CEB8-8B4A-11D0-8D11-00A0C91BC942}") = "ModernGDV", "ModernGDV\ModernGDV.vcxproj", "{002AE15C-DA4E-4DE8-9CA7-43BF61F18535}"
EndProject
Project("{2150E333-8FDC-42A3-9474-1A3956D46DE8}") = "Data", "Data", "{B1DDCF0F-6034-4BD9-94D9-E307CC00E310}"
	ProjectSection(SolutionItems) = preProject
		Data\default.fs.glsl = Data\default.fs.glsl
		Data\default.vs.glsl = Data\default.vs.glsl
		Data\dummy.dds = Data\dummy.dds
		Data\head.dds = Data\head.dds
		Data\hmap.dds = Data\hmap.dds
		Data\joint.dds = Data\joint.dds
		Data\lamp.dds = Data\lamp.dds
		Data\mountain.dds = Data\mountain.dds
		Data\mountainHMap.dds = Data\mountainHMap.dds
		Data\skybox.dds = Data\skybox.dds
		Data\snow.dds = Data\snow.dds
		Data\terrain.fs.glsl = Data\terrain.fs.glsl
		Data\terrain.vs.glsl = Data\terrain.vs.glsl
		Data\warn.dds = Data\warn.dds
	EndProjectSection
EndProject
Global
	GlobalSection(SolutionConfigurationPlatforms) = preSolution
		Debug|Win32 = Debug|Win32
		Release|Win32 = Release|Win32
	EndGlobalSection
	GlobalSection(ProjectConfigurationPlatforms) = postSolution
		{002AE15C-DA4E-4DE8-9CA7-43BF61F18535}.Debug|Win32.ActiveCfg = Debug|Win32
		{002AE15C-DA4E-4DE8-9CA7-43BF61F18535}.Debug|Win32.Build.0 = Debug|Win32
		{002AE15C-DA4E-4DE8-9CA7-43BF61F18535}.Release|Win32.ActiveCfg = Release|Win32
		{002AE15C-DA4E-4DE8-9CA7-43BF61F18535}.Release|Win32.Build.0 = Release|Win32
	EndGlobalSection
	GlobalSection(SolutionProperties) = preSolution
		HideSolutionNode = FALSE
	EndGlobalSection
EndGlobal
