<?xml version="1.0" encoding="utf-8"?>
<Project ToolsVersion="4.0" xmlns="http://schemas.microsoft.com/developer/msbuild/2003">
  <ItemGroup>
    <Filter Include="Source Files">
      <UniqueIdentifier>{4FC737F1-C7A5-4376-A066-2A32D752A2FF}</UniqueIdentifier>
      <Extensions>cpp;c;cc;cxx;def;odl;idl;hpj;bat;asm;asmx</Extensions>
    </Filter>
    <Filter Include="Header Files">
      <UniqueIdentifier>{93995380-89BD-4b04-88EB-625FBE52EBFB}</UniqueIdentifier>
      <Extensions>h;hh;hpp;hxx;hm;inl;inc;xsd</Extensions>
    </Filter>
    <Filter Include="Resource Files">
      <UniqueIdentifier>{67DA6AB6-F800-4c08-8B7A-83BB121AAD01}</UniqueIdentifier>
      <Extensions>rc;ico;cur;bmp;dlg;rc2;rct;bin;rgs;gif;jpg;jpeg;jpe;resx;tiff;tif;png;wav;mfcribbon-ms</Extensions>
    </Filter>
    <Filter Include="Header Files\ModernGDV">
      <UniqueIdentifier>{46b09197-0c76-4e4f-a369-81385de40336}</UniqueIdentifier>
    </Filter>
    <Filter Include="Source Files\ModernGDV">
      <UniqueIdentifier>{eb24c763-1536-4663-8810-702903bc9808}</UniqueIdentifier>
    </Filter>
  </ItemGroup>
  <ItemGroup>
    <ClCompile Include="MyApp.cpp">
      <Filter>Source Files</Filter>
    </ClCompile>
    <ClCompile Include="ModernGDV\ModernGDV.cpp">
      <Filter>Source Files\ModernGDV</Filter>
    </ClCompile>
    <ClCompile Include="main.cpp">
      <Filter>Source Files</Filter>
    </ClCompile>
    <ClCompile Include="Teil1.cpp">
      <Filter>Source Files</Filter>
    </ClCompile>
    <ClCompile Include="Teil2.cpp">
      <Filter>Source Files</Filter>
    </ClCompile>
    <ClCompile Include="Teil3.cpp">
      <Filter>Source Files</Filter>
    </ClCompile>
    <ClCompile Include="Teil4.cpp">
      <Filter>Source Files</Filter>
    </ClCompile>
  </ItemGroup>
  <ItemGroup>
    <None Include="FragmentShader.glsl">
      <Filter>Source Files</Filter>
    </None>
    <None Include="VertexShader.glsl">
      <Filter>Source Files</Filter>
    </None>
  </ItemGroup>
  <ItemGroup>
    <ClInclude Include="MyApp.h">
      <Filter>Header Files</Filter>
    </ClInclude>
    <ClInclude Include="ModernGDV\MGDVApp.h">
      <Filter>Header Files\ModernGDV</Filter>
    </ClInclude>
    <ClInclude Include="ModernGDV\ModernGDV.h">
      <Filter>Header Files\ModernGDV</Filter>
    </ClInclude>
    <ClInclude Include="ModernGDV\MGDVVertex.h">
      <Filter>Header Files\ModernGDV</Filter>
    </ClInclude>
    <ClInclude Include="Teil1.h">
      <Filter>Header Files</Filter>
    </ClInclude>
    <ClInclude Include="Teil2.h">
      <Filter>Header Files</Filter>
    </ClInclude>
    <ClInclude Include="Teil3.h">
      <Filter>Header Files</Filter>
    </ClInclude>
    <ClInclude Include="Teil4.h">
      <Filter>Header Files</Filter>
    </ClInclude>
  </ItemGroup>
</Project>